
Microsoft Visual Studio Solution File, Format Version 12.00
# Visual Studio Version 17
VisualStudioVersion = 17.14.36414.22
MinimumVisualStudioVersion = 10.0.40219.1
Project("{2150E333-8FDC-42A3-9474-1A3956D46DE8}") = "Task0", "Task0", "{02EA681E-C7D8-13C7-8484-4AC65E1B71E8}"
EndProject
Project("{FAE04EC0-301F-11D3-BF4B-00C04F79EFBC}") = "Tyuiu.MazurkevichVS.Sprint0.Task0.V0", "Tyuiu.MazurkevichVS.Sprint0.Task0.V0\Tyuiu.MazurkevichVS.Sprint0.Task0.V0.csproj", "{9A3FF245-CCED-4429-A19D-6909555FC81D}"
EndProject
Project("{2150E333-8FDC-42A3-9474-1A3956D46DE8}") = "Task1", "Task1", "{5698A23A-47F8-47C0-956D-8EA2148E1FF0}"
EndProject
Project("{FAE04EC0-301F-11D3-BF4B-00C04F79EFBC}") = "Tyuiu.MazurkevichVS.Sprint0.Task1.V0", "Tyuiu.MazurkevichVS.Sprint0.Task1,V0\Tyuiu.MazurkevichVS.Sprint0.Task1.V0.csproj", "{3A478451-0EDC-4154-9B36-472463D5CB2D}"
EndProject
Project("{2150E333-8FDC-42A3-9474-1A3956D46DE8}") = "Task2", "Task2", "{6CA539CE-6CD0-43D4-9151-980D876B510C}"
EndProject
Project("{FAE04EC0-301F-11D3-BF4B-00C04F79EFBC}") = "Tyuiu.MazurkevichVS.Sprint0.Task2.V0", "Tyuiu.MazurkevichVS.Sprint0.Task2.V0\Tyuiu.MazurkevichVS.Sprint0.Task2.V0.csproj", "{7D2C9D2E-06E3-4047-80FF-A3980E0CAFCF}"
EndProject
Project("{FAE04EC0-301F-11D3-BF4B-00C04F79EFBC}") = "Tyuiu.MazurkevichVS.Sprint0.Task2.V0.Lib", "Tyuiu.MazurkevichVS.Sprint0.Task2.V0.Lib\Tyuiu.MazurkevichVS.Sprint0.Task2.V0.Lib.csproj", "{77F5CAF0-B353-420A-B95B-8B89595359D4}"
EndProject
Project("{FAE04EC0-301F-11D3-BF4B-00C04F79EFBC}") = "Tyuiu.MazurkevichVS.Sprint0.Task2.V0.Test", "Tyuiu.MazurkevichVS.Sprint0.Task2.V0.Test\Tyuiu.MazurkevichVS.Sprint0.Task2.V0.Test.csproj", "{0A9B2EB3-710E-4630-BE07-6ED1D31EF751}"
EndProject
Project("{2150E333-8FDC-42A3-9474-1A3956D46DE8}") = "Task3", "Task3", "{1CC8F9F8-5E5E-47BD-BE4E-A09844959FF6}"
EndProject
Project("{FAE04EC0-301F-11D3-BF4B-00C04F79EFBC}") = "Tyuiu.MazurkevichVS.Sprint0.Task3.V0", "Tyuiu.MazurkevichVS.Sprint0.Task3.V0\Tyuiu.MazurkevichVS.Sprint0.Task3.V0.csproj", "{F93CDB25-EAF6-4627-B37E-2E90A7F4FA97}"
EndProject
Project("{FAE04EC0-301F-11D3-BF4B-00C04F79EFBC}") = "Tyuiu.MazurkevichVS.Sprint0.Task3.V0.Lib", "Tyuiu.MazurkevichVS.Sprint0.Task3.V0.Lib\Tyuiu.MazurkevichVS.Sprint0.Task3.V0.Lib.csproj", "{F58743DC-84C0-4B0F-99F9-E3C8578BE8E8}"
EndProject
Project("{FAE04EC0-301F-11D3-BF4B-00C04F79EFBC}") = "Tyuiu.MazurkevichVS.Sprint0.Task3.V0.Test", "Tyuiu.MazurkevichVS.Sprint0.Task3.V0.Test\Tyuiu.MazurkevichVS.Sprint0.Task3.V0.Test.csproj", "{0435DF33-0BEB-459B-BF80-52D291E04FDC}"
EndProject
Project("{2150E333-8FDC-42A3-9474-1A3956D46DE8}") = "Task4", "Task4", "{538E4F36-5DDE-4F39-AAE3-F5B7161B716A}"
EndProject
Project("{FAE04EC0-301F-11D3-BF4B-00C04F79EFBC}") = "Tyuiu.MazurkevichVS.Sprint0.Task4.V0", "Tyuiu.MazurkevichVS.Sprint0.Task4.V0\Tyuiu.MazurkevichVS.Sprint0.Task4.V0.csproj", "{B81E29C5-549F-4097-9574-12532D85880B}"
EndProject
Project("{FAE04EC0-301F-11D3-BF4B-00C04F79EFBC}") = "Tyuiu.MazurkevichVS.Sprint0.Task4.V0.Lib", "Tyuiu.MazurkevichVS.Sprint0.Task4.V0.Lib\Tyuiu.MazurkevichVS.Sprint0.Task4.V0.Lib.csproj", "{E264D002-CF56-4171-8C51-F198944913ED}"
EndProject
Project("{FAE04EC0-301F-11D3-BF4B-00C04F79EFBC}") = "Tyuiu.MazurkevichVS.Sprint0.Task4.V0.Test", "Tyuiu.MazurkevichVS.Sprint0.Task4.V0.Test\Tyuiu.MazurkevichVS.Sprint0.Task4.V0.Test.csproj", "{D8612BD5-7C2C-4976-8275-213A5E1DA5BE}"
EndProject
Project("{2150E333-8FDC-42A3-9474-1A3956D46DE8}") = "Task5", "Task5", "{DF70AD9F-EE72-48F3-AC99-A7BD8A9A3E33}"
EndProject
Project("{FAE04EC0-301F-11D3-BF4B-00C04F79EFBC}") = "Tyuiu.MazurkevichVS.Sprint0.Task5.V0", "Tyuiu.MazurkevichVS.Sprint0.Task5.V0\Tyuiu.MazurkevichVS.Sprint0.Task5.V0.csproj", "{725232A8-B15A-4078-BDDF-9BA59E007312}"
EndProject
Project("{FAE04EC0-301F-11D3-BF4B-00C04F79EFBC}") = "Tyuiu.MazurkevichVS.Sprint0.Task5.V0.Lib", "Tyuiu.MazurkevichVS.Sprint0.Task5.V0.Lib\Tyuiu.MazurkevichVS.Sprint0.Task5.V0.Lib.csproj", "{6A78AC88-AAEC-4201-A688-F563B9020502}"
EndProject
Project("{FAE04EC0-301F-11D3-BF4B-00C04F79EFBC}") = "Tyuiu.MazurkevichVS.Sprint0.Task5.V0.Test", "Tyuiu.MazurkevichVS.Sprint0.Task5.V0.Test\Tyuiu.MazurkevichVS.Sprint0.Task5.V0.Test.csproj", "{70C7A1FE-039A-49B3-9FEA-637EDF280B3C}"
EndProject
Project("{2150E333-8FDC-42A3-9474-1A3956D46DE8}") = "Task6", "Task6", "{B2684516-2F76-4DFB-8EC5-BBFBAE9ED74D}"
EndProject
Project("{FAE04EC0-301F-11D3-BF4B-00C04F79EFBC}") = "Tyuiu.MazurkevichVS.Sprint0.Task6.V0", "Tyuiu.MazurkevichVS.Sprint0.Task6.V0\Tyuiu.MazurkevichVS.Sprint0.Task6.V0.csproj", "{8564CFAC-BD25-43D8-87C0-0542873173BC}"
EndProject
Project("{FAE04EC0-301F-11D3-BF4B-00C04F79EFBC}") = "Tyuiu.MazurkevichVS.Sprint0.Task6.V0.Test", "Tyuiu.MazurkevichVS.Sprint0.Task6.V0.Test\Tyuiu.MazurkevichVS.Sprint0.Task6.V0.Test.csproj", "{DA082FB9-5DD9-4F18-8996-594D6A3EEDE6}"
EndProject
Project("{FAE04EC0-301F-11D3-BF4B-00C04F79EFBC}") = "Tyuiu.MazurkevichVS.Sprint0.Task6.V0.Lib", "Tyuiu.MazurkevichVS.Sprint0.Task6.V0.Lib\Tyuiu.MazurkevichVS.Sprint0.Task6.V0.Lib.csproj", "{7224F57D-9969-4A3F-B0B6-2882BFA02F5D}"
EndProject
Global
	GlobalSection(SolutionConfigurationPlatforms) = preSolution
		Debug|Any CPU = Debug|Any CPU
		Release|Any CPU = Release|Any CPU
	EndGlobalSection
	GlobalSection(ProjectConfigurationPlatforms) = postSolution
		{9A3FF245-CCED-4429-A19D-6909555FC81D}.Debug|Any CPU.ActiveCfg = Debug|Any CPU
		{9A3FF245-CCED-4429-A19D-6909555FC81D}.Debug|Any CPU.Build.0 = Debug|Any CPU
		{9A3FF245-CCED-4429-A19D-6909555FC81D}.Release|Any CPU.ActiveCfg = Release|Any CPU
		{9A3FF245-CCED-4429-A19D-6909555FC81D}.Release|Any CPU.Build.0 = Release|Any CPU
		{3A478451-0EDC-4154-9B36-472463D5CB2D}.Debug|Any CPU.ActiveCfg = Debug|Any CPU
		{3A478451-0EDC-4154-9B36-472463D5CB2D}.Debug|Any CPU.Build.0 = Debug|Any CPU
		{3A478451-0EDC-4154-9B36-472463D5CB2D}.Release|Any CPU.ActiveCfg = Release|Any CPU
		{3A478451-0EDC-4154-9B36-472463D5CB2D}.Release|Any CPU.Build.0 = Release|Any CPU
		{7D2C9D2E-06E3-4047-80FF-A3980E0CAFCF}.Debug|Any CPU.ActiveCfg = Debug|Any CPU
		{7D2C9D2E-06E3-4047-80FF-A3980E0CAFCF}.Debug|Any CPU.Build.0 = Debug|Any CPU
		{7D2C9D2E-06E3-4047-80FF-A3980E0CAFCF}.Release|Any CPU.ActiveCfg = Release|Any CPU
		{7D2C9D2E-06E3-4047-80FF-A3980E0CAFCF}.Release|Any CPU.Build.0 = Release|Any CPU
		{77F5CAF0-B353-420A-B95B-8B89595359D4}.Debug|Any CPU.ActiveCfg = Debug|Any CPU
		{77F5CAF0-B353-420A-B95B-8B89595359D4}.Debug|Any CPU.Build.0 = Debug|Any CPU
		{77F5CAF0-B353-420A-B95B-8B89595359D4}.Release|Any CPU.ActiveCfg = Release|Any CPU
		{77F5CAF0-B353-420A-B95B-8B89595359D4}.Release|Any CPU.Build.0 = Release|Any CPU
		{0A9B2EB3-710E-4630-BE07-6ED1D31EF751}.Debug|Any CPU.ActiveCfg = Debug|Any CPU
		{0A9B2EB3-710E-4630-BE07-6ED1D31EF751}.Debug|Any CPU.Build.0 = Debug|Any CPU
		{0A9B2EB3-710E-4630-BE07-6ED1D31EF751}.Release|Any CPU.ActiveCfg = Release|Any CPU
		{0A9B2EB3-710E-4630-BE07-6ED1D31EF751}.Release|Any CPU.Build.0 = Release|Any CPU
		{F93CDB25-EAF6-4627-B37E-2E90A7F4FA97}.Debug|Any CPU.ActiveCfg = Debug|Any CPU
		{F93CDB25-EAF6-4627-B37E-2E90A7F4FA97}.Debug|Any CPU.Build.0 = Debug|Any CPU
		{F93CDB25-EAF6-4627-B37E-2E90A7F4FA97}.Release|Any CPU.ActiveCfg = Release|Any CPU
		{F93CDB25-EAF6-4627-B37E-2E90A7F4FA97}.Release|Any CPU.Build.0 = Release|Any CPU
		{F58743DC-84C0-4B0F-99F9-E3C8578BE8E8}.Debug|Any CPU.ActiveCfg = Debug|Any CPU
		{F58743DC-84C0-4B0F-99F9-E3C8578BE8E8}.Debug|Any CPU.Build.0 = Debug|Any CPU
		{F58743DC-84C0-4B0F-99F9-E3C8578BE8E8}.Release|Any CPU.ActiveCfg = Release|Any CPU
		{F58743DC-84C0-4B0F-99F9-E3C8578BE8E8}.Release|Any CPU.Build.0 = Release|Any CPU
		{0435DF33-0BEB-459B-BF80-52D291E04FDC}.Debug|Any CPU.ActiveCfg = Debug|Any CPU
		{0435DF33-0BEB-459B-BF80-52D291E04FDC}.Debug|Any CPU.Build.0 = Debug|Any CPU
		{0435DF33-0BEB-459B-BF80-52D291E04FDC}.Release|Any CPU.ActiveCfg = Release|Any CPU
		{0435DF33-0BEB-459B-BF80-52D291E04FDC}.Release|Any CPU.Build.0 = Release|Any CPU
		{B81E29C5-549F-4097-9574-12532D85880B}.Debug|Any CPU.ActiveCfg = Debug|Any CPU
		{B81E29C5-549F-4097-9574-12532D85880B}.Debug|Any CPU.Build.0 = Debug|Any CPU
		{B81E29C5-549F-4097-9574-12532D85880B}.Release|Any CPU.ActiveCfg = Release|Any CPU
		{B81E29C5-549F-4097-9574-12532D85880B}.Release|Any CPU.Build.0 = Release|Any CPU
		{E264D002-CF56-4171-8C51-F198944913ED}.Debug|Any CPU.ActiveCfg = Debug|Any CPU
		{E264D002-CF56-4171-8C51-F198944913ED}.Debug|Any CPU.Build.0 = Debug|Any CPU
		{E264D002-CF56-4171-8C51-F198944913ED}.Release|Any CPU.ActiveCfg = Release|Any CPU
		{E264D002-CF56-4171-8C51-F198944913ED}.Release|Any CPU.Build.0 = Release|Any CPU
		{D8612BD5-7C2C-4976-8275-213A5E1DA5BE}.Debug|Any CPU.ActiveCfg = Debug|Any CPU
		{D8612BD5-7C2C-4976-8275-213A5E1DA5BE}.Debug|Any CPU.Build.0 = Debug|Any CPU
		{D8612BD5-7C2C-4976-8275-213A5E1DA5BE}.Release|Any CPU.ActiveCfg = Release|Any CPU
		{D8612BD5-7C2C-4976-8275-213A5E1DA5BE}.Release|Any CPU.Build.0 = Release|Any CPU
		{725232A8-B15A-4078-BDDF-9BA59E007312}.Debug|Any CPU.ActiveCfg = Debug|Any CPU
		{725232A8-B15A-4078-BDDF-9BA59E007312}.Debug|Any CPU.Build.0 = Debug|Any CPU
		{725232A8-B15A-4078-BDDF-9BA59E007312}.Release|Any CPU.ActiveCfg = Release|Any CPU
		{725232A8-B15A-4078-BDDF-9BA59E007312}.Release|Any CPU.Build.0 = Release|Any CPU
		{6A78AC88-AAEC-4201-A688-F563B9020502}.Debug|Any CPU.ActiveCfg = Debug|Any CPU
		{6A78AC88-AAEC-4201-A688-F563B9020502}.Debug|Any CPU.Build.0 = Debug|Any CPU
		{6A78AC88-AAEC-4201-A688-F563B9020502}.Release|Any CPU.ActiveCfg = Release|Any CPU
		{6A78AC88-AAEC-4201-A688-F563B9020502}.Release|Any CPU.Build.0 = Release|Any CPU
		{70C7A1FE-039A-49B3-9FEA-637EDF280B3C}.Debug|Any CPU.ActiveCfg = Debug|Any CPU
		{70C7A1FE-039A-49B3-9FEA-637EDF280B3C}.Debug|Any CPU.Build.0 = Debug|Any CPU
		{70C7A1FE-039A-49B3-9FEA-637EDF280B3C}.Release|Any CPU.ActiveCfg = Release|Any CPU
		{70C7A1FE-039A-49B3-9FEA-637EDF280B3C}.Release|Any CPU.Build.0 = Release|Any CPU
		{8564CFAC-BD25-43D8-87C0-0542873173BC}.Debug|Any CPU.ActiveCfg = Debug|Any CPU
		{8564CFAC-BD25-43D8-87C0-0542873173BC}.Debug|Any CPU.Build.0 = Debug|Any CPU
		{8564CFAC-BD25-43D8-87C0-0542873173BC}.Release|Any CPU.ActiveCfg = Release|Any CPU
		{8564CFAC-BD25-43D8-87C0-0542873173BC}.Release|Any CPU.Build.0 = Release|Any CPU
		{DA082FB9-5DD9-4F18-8996-594D6A3EEDE6}.Debug|Any CPU.ActiveCfg = Debug|Any CPU
		{DA082FB9-5DD9-4F18-8996-594D6A3EEDE6}.Debug|Any CPU.Build.0 = Debug|Any CPU
		{DA082FB9-5DD9-4F18-8996-594D6A3EEDE6}.Release|Any CPU.ActiveCfg = Release|Any CPU
		{DA082FB9-5DD9-4F18-8996-594D6A3EEDE6}.Release|Any CPU.Build.0 = Release|Any CPU
		{7224F57D-9969-4A3F-B0B6-2882BFA02F5D}.Debug|Any CPU.ActiveCfg = Debug|Any CPU
		{7224F57D-9969-4A3F-B0B6-2882BFA02F5D}.Debug|Any CPU.Build.0 = Debug|Any CPU
		{7224F57D-9969-4A3F-B0B6-2882BFA02F5D}.Release|Any CPU.ActiveCfg = Release|Any CPU
		{7224F57D-9969-4A3F-B0B6-2882BFA02F5D}.Release|Any CPU.Build.0 = Release|Any CPU
	EndGlobalSection
	GlobalSection(SolutionProperties) = preSolution
		HideSolutionNode = FALSE
	EndGlobalSection
	GlobalSection(NestedProjects) = preSolution
		{9A3FF245-CCED-4429-A19D-6909555FC81D} = {02EA681E-C7D8-13C7-8484-4AC65E1B71E8}
		{3A478451-0EDC-4154-9B36-472463D5CB2D} = {5698A23A-47F8-47C0-956D-8EA2148E1FF0}
		{7D2C9D2E-06E3-4047-80FF-A3980E0CAFCF} = {6CA539CE-6CD0-43D4-9151-980D876B510C}
		{77F5CAF0-B353-420A-B95B-8B89595359D4} = {6CA539CE-6CD0-43D4-9151-980D876B510C}
		{0A9B2EB3-710E-4630-BE07-6ED1D31EF751} = {6CA539CE-6CD0-43D4-9151-980D876B510C}
		{F93CDB25-EAF6-4627-B37E-2E90A7F4FA97} = {1CC8F9F8-5E5E-47BD-BE4E-A09844959FF6}
		{F58743DC-84C0-4B0F-99F9-E3C8578BE8E8} = {1CC8F9F8-5E5E-47BD-BE4E-A09844959FF6}
		{0435DF33-0BEB-459B-BF80-52D291E04FDC} = {1CC8F9F8-5E5E-47BD-BE4E-A09844959FF6}
		{B81E29C5-549F-4097-9574-12532D85880B} = {538E4F36-5DDE-4F39-AAE3-F5B7161B716A}
		{E264D002-CF56-4171-8C51-F198944913ED} = {538E4F36-5DDE-4F39-AAE3-F5B7161B716A}
		{D8612BD5-7C2C-4976-8275-213A5E1DA5BE} = {538E4F36-5DDE-4F39-AAE3-F5B7161B716A}
		{725232A8-B15A-4078-BDDF-9BA59E007312} = {DF70AD9F-EE72-48F3-AC99-A7BD8A9A3E33}
		{6A78AC88-AAEC-4201-A688-F563B9020502} = {DF70AD9F-EE72-48F3-AC99-A7BD8A9A3E33}
		{70C7A1FE-039A-49B3-9FEA-637EDF280B3C} = {DF70AD9F-EE72-48F3-AC99-A7BD8A9A3E33}
		{8564CFAC-BD25-43D8-87C0-0542873173BC} = {B2684516-2F76-4DFB-8EC5-BBFBAE9ED74D}
		{DA082FB9-5DD9-4F18-8996-594D6A3EEDE6} = {B2684516-2F76-4DFB-8EC5-BBFBAE9ED74D}
		{7224F57D-9969-4A3F-B0B6-2882BFA02F5D} = {B2684516-2F76-4DFB-8EC5-BBFBAE9ED74D}
	EndGlobalSection
	GlobalSection(ExtensibilityGlobals) = postSolution
		SolutionGuid = {C5680CF8-10F8-41A4-B316-E61C393DFDCC}
	EndGlobalSection
EndGlobal
